
Microsoft Visual Studio Solution File, Format Version 12.00
# Visual Studio 2012
Project("{FAE04EC0-301F-11D3-BF4B-00C04F79EFBC}") = "GitLab.NET", "GitLab.NET\GitLab.NET.csproj", "{2C144527-3F9B-420C-B8BB-6C93B97F3EBE}"
EndProject
Project("{FAE04EC0-301F-11D3-BF4B-00C04F79EFBC}") = "Archimedes.Patterns", "..\..\Archimedes\Archimedes.Patterns\Archimedes.Patterns.csproj", "{5C5031E6-C6A4-4D8F-A473-CDB08DB8E282}"
EndProject
Project("{FAE04EC0-301F-11D3-BF4B-00C04F79EFBC}") = "GitLab.NET.Client", "GitLab.NET.Client\GitLab.NET.Client.csproj", "{684AC278-01A2-46C2-91CA-CAC27892DE57}"
EndProject
Global
	GlobalSection(SolutionConfigurationPlatforms) = preSolution
		Debug|Any CPU = Debug|Any CPU
		Release|Any CPU = Release|Any CPU
	EndGlobalSection
	GlobalSection(ProjectConfigurationPlatforms) = postSolution
		{2C144527-3F9B-420C-B8BB-6C93B97F3EBE}.Debug|Any CPU.ActiveCfg = Debug|Any CPU
		{2C144527-3F9B-420C-B8BB-6C93B97F3EBE}.Debug|Any CPU.Build.0 = Debug|Any CPU
		{2C144527-3F9B-420C-B8BB-6C93B97F3EBE}.Release|Any CPU.ActiveCfg = Release|Any CPU
		{2C144527-3F9B-420C-B8BB-6C93B97F3EBE}.Release|Any CPU.Build.0 = Release|Any CPU
		{5C5031E6-C6A4-4D8F-A473-CDB08DB8E282}.Debug|Any CPU.ActiveCfg = Debug|Any CPU
		{5C5031E6-C6A4-4D8F-A473-CDB08DB8E282}.Debug|Any CPU.Build.0 = Debug|Any CPU
		{5C5031E6-C6A4-4D8F-A473-CDB08DB8E282}.Release|Any CPU.ActiveCfg = Release|Any CPU
		{5C5031E6-C6A4-4D8F-A473-CDB08DB8E282}.Release|Any CPU.Build.0 = Release|Any CPU
		{684AC278-01A2-46C2-91CA-CAC27892DE57}.Debug|Any CPU.ActiveCfg = Debug|Any CPU
		{684AC278-01A2-46C2-91CA-CAC27892DE57}.Debug|Any CPU.Build.0 = Debug|Any CPU
		{684AC278-01A2-46C2-91CA-CAC27892DE57}.Release|Any CPU.ActiveCfg = Release|Any CPU
		{684AC278-01A2-46C2-91CA-CAC27892DE57}.Release|Any CPU.Build.0 = Release|Any CPU
	EndGlobalSection
	GlobalSection(SolutionProperties) = preSolution
		HideSolutionNode = FALSE
	EndGlobalSection
EndGlobal
